
Microsoft Visual Studio Solution File, Format Version 12.00
# Visual Studio Version 16
VisualStudioVersion = 16.0.30011.22
MinimumVisualStudioVersion = 10.0.40219.1
Project("{FAE04EC0-301F-11D3-BF4B-00C04F79EFBC}") = "RandomYoutubeLinkGenerator", "RandomYoutubeLinkGenerator\RandomYoutubeLinkGenerator.csproj", "{068BF0AC-5B9C-4591-8B63-6B50AC0F85EF}"
EndProject
Global
	GlobalSection(SolutionConfigurationPlatforms) = preSolution
		Debug|Any CPU = Debug|Any CPU
		Release|Any CPU = Release|Any CPU
	EndGlobalSection
	GlobalSection(ProjectConfigurationPlatforms) = postSolution
		{068BF0AC-5B9C-4591-8B63-6B50AC0F85EF}.Debug|Any CPU.ActiveCfg = Debug|Any CPU
		{068BF0AC-5B9C-4591-8B63-6B50AC0F85EF}.Debug|Any CPU.Build.0 = Debug|Any CPU
		{068BF0AC-5B9C-4591-8B63-6B50AC0F85EF}.Release|Any CPU.ActiveCfg = Release|Any CPU
		{068BF0AC-5B9C-4591-8B63-6B50AC0F85EF}.Release|Any CPU.Build.0 = Release|Any CPU
	EndGlobalSection
	GlobalSection(SolutionProperties) = preSolution
		HideSolutionNode = FALSE
	EndGlobalSection
	GlobalSection(ExtensibilityGlobals) = postSolution
		SolutionGuid = {77EAF93D-E1A3-45CC-A73A-82922FDCFD02}
	EndGlobalSection
EndGlobal
